
Microsoft Visual Studio Solution File, Format Version 12.00
# Visual Studio Version 17
VisualStudioVersion = 17.2.32602.215
MinimumVisualStudioVersion = 10.0.40219.1
Project("{9A19103F-16F7-4668-BE54-9A1E7A4F7556}") = "LocadoraFCVSJ.Dominio", "LocadoraFCVSJ.Dominio\LocadoraFCVSJ.Dominio.csproj", "{C3E5F932-9752-4AE8-B7CD-A9879B1E0187}"
EndProject
Project("{9A19103F-16F7-4668-BE54-9A1E7A4F7556}") = "LocadoraFCVSJ.Infra.BancoDeDados", "LocadoraFCVSJ.Infra.BancoDeDados\LocadoraFCVSJ.Infra.BancoDeDados.csproj", "{519D0C1F-61BE-47D1-9095-AF50C785D602}"
EndProject
Project("{2150E333-8FDC-42A3-9474-1A3956D46DE8}") = "3. Domínio", "3. Domínio", "{ECD86BD6-EF07-4E24-8615-CDC45B046F5E}"
EndProject
Project("{2150E333-8FDC-42A3-9474-1A3956D46DE8}") = "4. Infra", "4. Infra", "{D2622BCB-E2B8-4773-81CE-28A7420778FC}"
EndProject
Project("{2150E333-8FDC-42A3-9474-1A3956D46DE8}") = "5. Testes", "5. Testes", "{0E221EA5-522A-4CC0-B076-0E617D834DBB}"
EndProject
Project("{2150E333-8FDC-42A3-9474-1A3956D46DE8}") = "1. Apresentação", "1. Apresentação", "{95D80287-78BB-4FF4-8F0D-CBB8B513E344}"
EndProject
Project("{2150E333-8FDC-42A3-9474-1A3956D46DE8}") = "5.1 Teste Unitários", "5.1 Teste Unitários", "{C0DAE0DB-07E5-46BF-B85A-1B9960963CB4}"
EndProject
Project("{2150E333-8FDC-42A3-9474-1A3956D46DE8}") = "5.2 Testes de Integração", "5.2 Testes de Integração", "{35878EC7-75FF-4E96-A940-255D607AD843}"
EndProject
Project("{9A19103F-16F7-4668-BE54-9A1E7A4F7556}") = "LocadoraFCVSJ.Dominio.Testes", "LocadoraFCVSJ.Dominio.Testes\LocadoraFCVSJ.Dominio.Testes.csproj", "{E11071B5-046C-4073-9BEB-A19C31D7C830}"
EndProject
Project("{9A19103F-16F7-4668-BE54-9A1E7A4F7556}") = "LocadoraFCVSJ.Infra.BancoDeDados.Testes", "LocadoraFCVSJ.Infra.BancoDeDados.Testes\LocadoraFCVSJ.Infra.BancoDeDados.Testes.csproj", "{22D9DB85-9BEC-4B4D-9428-441A0AB77E1C}"
EndProject
Project("{00D1A9C2-B5F0-4AF3-8072-F6C62B433612}") = "LocadoraFCVSJ.Projeto.BancoDeDados", "LocadoraFCVSJ.Projeto.BancoDeDados\LocadoraFCVSJ.Projeto.BancoDeDados.sqlproj", "{56B50F5E-2604-45EB-B315-831EC25FAB86}"
EndProject
Project("{9A19103F-16F7-4668-BE54-9A1E7A4F7556}") = "LocadoraFCVSJ", "LocadoraFCVSJ\LocadoraFCVSJ.csproj", "{056017D8-71DC-45B7-B190-037FDF50BA77}"
EndProject
Project("{2150E333-8FDC-42A3-9474-1A3956D46DE8}") = "2. Aplicação", "2. Aplicação", "{CB63949E-9AA7-418B-8C45-CBEDB041C15C}"
EndProject
Project("{9A19103F-16F7-4668-BE54-9A1E7A4F7556}") = "LocadoraFCVSJ.Aplicacao", "LocadoraFCVSJ.Aplicacao\LocadoraFCVSJ.Aplicacao.csproj", "{918578B2-8466-45BF-A71A-F39BDD004DAE}"
EndProject
Project("{9A19103F-16F7-4668-BE54-9A1E7A4F7556}") = "LocadoraFCVSJ.Infra.Logging", "LocadoraFCVSJ.Infra.Logging\LocadoraFCVSJ.Infra.Logging.csproj", "{7B720374-0BD7-4BD4-B4EC-00C99ED98ED8}"
EndProject
Global
	GlobalSection(SolutionConfigurationPlatforms) = preSolution
		Debug|Any CPU = Debug|Any CPU
		Release|Any CPU = Release|Any CPU
	EndGlobalSection
	GlobalSection(ProjectConfigurationPlatforms) = postSolution
		{C3E5F932-9752-4AE8-B7CD-A9879B1E0187}.Debug|Any CPU.ActiveCfg = Debug|Any CPU
		{C3E5F932-9752-4AE8-B7CD-A9879B1E0187}.Debug|Any CPU.Build.0 = Debug|Any CPU
		{C3E5F932-9752-4AE8-B7CD-A9879B1E0187}.Release|Any CPU.ActiveCfg = Release|Any CPU
		{C3E5F932-9752-4AE8-B7CD-A9879B1E0187}.Release|Any CPU.Build.0 = Release|Any CPU
		{519D0C1F-61BE-47D1-9095-AF50C785D602}.Debug|Any CPU.ActiveCfg = Debug|Any CPU
		{519D0C1F-61BE-47D1-9095-AF50C785D602}.Debug|Any CPU.Build.0 = Debug|Any CPU
		{519D0C1F-61BE-47D1-9095-AF50C785D602}.Release|Any CPU.ActiveCfg = Release|Any CPU
		{519D0C1F-61BE-47D1-9095-AF50C785D602}.Release|Any CPU.Build.0 = Release|Any CPU
		{E11071B5-046C-4073-9BEB-A19C31D7C830}.Debug|Any CPU.ActiveCfg = Debug|Any CPU
		{E11071B5-046C-4073-9BEB-A19C31D7C830}.Debug|Any CPU.Build.0 = Debug|Any CPU
		{E11071B5-046C-4073-9BEB-A19C31D7C830}.Release|Any CPU.ActiveCfg = Release|Any CPU
		{E11071B5-046C-4073-9BEB-A19C31D7C830}.Release|Any CPU.Build.0 = Release|Any CPU
		{22D9DB85-9BEC-4B4D-9428-441A0AB77E1C}.Debug|Any CPU.ActiveCfg = Debug|Any CPU
		{22D9DB85-9BEC-4B4D-9428-441A0AB77E1C}.Debug|Any CPU.Build.0 = Debug|Any CPU
		{22D9DB85-9BEC-4B4D-9428-441A0AB77E1C}.Release|Any CPU.ActiveCfg = Release|Any CPU
		{22D9DB85-9BEC-4B4D-9428-441A0AB77E1C}.Release|Any CPU.Build.0 = Release|Any CPU
		{56B50F5E-2604-45EB-B315-831EC25FAB86}.Debug|Any CPU.ActiveCfg = Debug|Any CPU
		{56B50F5E-2604-45EB-B315-831EC25FAB86}.Debug|Any CPU.Build.0 = Debug|Any CPU
		{56B50F5E-2604-45EB-B315-831EC25FAB86}.Debug|Any CPU.Deploy.0 = Debug|Any CPU
		{56B50F5E-2604-45EB-B315-831EC25FAB86}.Release|Any CPU.ActiveCfg = Release|Any CPU
		{56B50F5E-2604-45EB-B315-831EC25FAB86}.Release|Any CPU.Build.0 = Release|Any CPU
		{56B50F5E-2604-45EB-B315-831EC25FAB86}.Release|Any CPU.Deploy.0 = Release|Any CPU
		{056017D8-71DC-45B7-B190-037FDF50BA77}.Debug|Any CPU.ActiveCfg = Debug|Any CPU
		{056017D8-71DC-45B7-B190-037FDF50BA77}.Debug|Any CPU.Build.0 = Debug|Any CPU
		{056017D8-71DC-45B7-B190-037FDF50BA77}.Release|Any CPU.ActiveCfg = Release|Any CPU
		{056017D8-71DC-45B7-B190-037FDF50BA77}.Release|Any CPU.Build.0 = Release|Any CPU
		{918578B2-8466-45BF-A71A-F39BDD004DAE}.Debug|Any CPU.ActiveCfg = Debug|Any CPU
		{918578B2-8466-45BF-A71A-F39BDD004DAE}.Debug|Any CPU.Build.0 = Debug|Any CPU
		{918578B2-8466-45BF-A71A-F39BDD004DAE}.Release|Any CPU.ActiveCfg = Release|Any CPU
		{918578B2-8466-45BF-A71A-F39BDD004DAE}.Release|Any CPU.Build.0 = Release|Any CPU
		{7B720374-0BD7-4BD4-B4EC-00C99ED98ED8}.Debug|Any CPU.ActiveCfg = Debug|Any CPU
		{7B720374-0BD7-4BD4-B4EC-00C99ED98ED8}.Debug|Any CPU.Build.0 = Debug|Any CPU
		{7B720374-0BD7-4BD4-B4EC-00C99ED98ED8}.Release|Any CPU.ActiveCfg = Release|Any CPU
		{7B720374-0BD7-4BD4-B4EC-00C99ED98ED8}.Release|Any CPU.Build.0 = Release|Any CPU
	EndGlobalSection
	GlobalSection(SolutionProperties) = preSolution
		HideSolutionNode = FALSE
	EndGlobalSection
	GlobalSection(NestedProjects) = preSolution
		{C3E5F932-9752-4AE8-B7CD-A9879B1E0187} = {ECD86BD6-EF07-4E24-8615-CDC45B046F5E}
		{519D0C1F-61BE-47D1-9095-AF50C785D602} = {D2622BCB-E2B8-4773-81CE-28A7420778FC}
		{C0DAE0DB-07E5-46BF-B85A-1B9960963CB4} = {0E221EA5-522A-4CC0-B076-0E617D834DBB}
		{35878EC7-75FF-4E96-A940-255D607AD843} = {0E221EA5-522A-4CC0-B076-0E617D834DBB}
		{E11071B5-046C-4073-9BEB-A19C31D7C830} = {C0DAE0DB-07E5-46BF-B85A-1B9960963CB4}
		{22D9DB85-9BEC-4B4D-9428-441A0AB77E1C} = {35878EC7-75FF-4E96-A940-255D607AD843}
		{56B50F5E-2604-45EB-B315-831EC25FAB86} = {D2622BCB-E2B8-4773-81CE-28A7420778FC}
		{056017D8-71DC-45B7-B190-037FDF50BA77} = {95D80287-78BB-4FF4-8F0D-CBB8B513E344}
		{918578B2-8466-45BF-A71A-F39BDD004DAE} = {CB63949E-9AA7-418B-8C45-CBEDB041C15C}
		{7B720374-0BD7-4BD4-B4EC-00C99ED98ED8} = {D2622BCB-E2B8-4773-81CE-28A7420778FC}
	EndGlobalSection
	GlobalSection(ExtensibilityGlobals) = postSolution
		SolutionGuid = {AC2BB27F-9238-46BD-8F42-19AFC6EF31D1}
	EndGlobalSection
EndGlobal
